
Microsoft Visual Studio Solution File, Format Version 12.00
# Visual Studio Version 17
VisualStudioVersion = 17.1.32210.238
MinimumVisualStudioVersion = 10.0.40219.1
Project("{FAE04EC0-301F-11D3-BF4B-00C04F79EFBC}") = "SwitchER", "SwitchER.csproj", "{630C1C1C-2684-4E18-B5A3-DBE549A2D812}"
EndProject
Global
	GlobalSection(SolutionConfigurationPlatforms) = preSolution
		Debug|Any CPU = Debug|Any CPU
		Release|Any CPU = Release|Any CPU
	EndGlobalSection
	GlobalSection(ProjectConfigurationPlatforms) = postSolution
		{630C1C1C-2684-4E18-B5A3-DBE549A2D812}.Debug|Any CPU.ActiveCfg = Debug|Any CPU
		{630C1C1C-2684-4E18-B5A3-DBE549A2D812}.Debug|Any CPU.Build.0 = Debug|Any CPU
		{630C1C1C-2684-4E18-B5A3-DBE549A2D812}.Release|Any CPU.ActiveCfg = Release|Any CPU
		{630C1C1C-2684-4E18-B5A3-DBE549A2D812}.Release|Any CPU.Build.0 = Release|Any CPU
	EndGlobalSection
	GlobalSection(SolutionProperties) = preSolution
		HideSolutionNode = FALSE
	EndGlobalSection
	GlobalSection(ExtensibilityGlobals) = postSolution
		SolutionGuid = {FD001286-80BA-456F-9819-55BADC12F0E6}
	EndGlobalSection
EndGlobal
